
Microsoft Visual Studio Solution File, Format Version 12.00
# Visual Studio Version 17
VisualStudioVersion = 17.14.36511.14
MinimumVisualStudioVersion = 10.0.40219.1
Project("{8BC9CEB8-8B4A-11D0-8D11-00A0C91BC942}") = "exercise 2", "exercise 2\exercise 2.vcxproj", "{AFCB38EB-5199-4B92-B2FA-7785476FCDC0}"
EndProject
Project("{8BC9CEB8-8B4A-11D0-8D11-00A0C91BC942}") = "exercise 3", "exercise 3\exercise 3.vcxproj", "{79843E1A-39AF-477A-BFF9-3FCEF44B160B}"
EndProject
Project("{8BC9CEB8-8B4A-11D0-8D11-00A0C91BC942}") = "exercise 4", "exercise 4\exercise 4.vcxproj", "{502B42E1-8361-41D5-AB39-FC11B661BE48}"
EndProject
Project("{8BC9CEB8-8B4A-11D0-8D11-00A0C91BC942}") = "exercise 1", "exercise 1\exercise 1.vcxproj", "{DB27DBA8-BFF2-4632-BCB9-564AF674A171}"
EndProject
Project("{8BC9CEB8-8B4A-11D0-8D11-00A0C91BC942}") = "exercise 5", "exercise 5\exercise 5.vcxproj", "{D839598C-DD3D-4FE5-B5E7-BC38606D92FF}"
EndProject
Project("{8BC9CEB8-8B4A-11D0-8D11-00A0C91BC942}") = "Exercise 6", "Exercise 6\Exercise 6.vcxproj", "{C18D2626-642D-4CD9-ABF2-1E9B87BEB78B}"
EndProject
Project("{8BC9CEB8-8B4A-11D0-8D11-00A0C91BC942}") = "exercise 7", "exercise 7\exercise 7.vcxproj", "{A5A409E1-E90A-4D13-8836-9BB693CEFC04}"
EndProject
Project("{8BC9CEB8-8B4A-11D0-8D11-00A0C91BC942}") = "Exercise 8", "Exercise 8\Exercise 8.vcxproj", "{C4C7B49D-69A4-43C0-A29F-452BD6DA9D88}"
EndProject
Project("{8BC9CEB8-8B4A-11D0-8D11-00A0C91BC942}") = "exercise 9", "exercise 9\exercise 9.vcxproj", "{CDB361F8-5149-4923-859E-EE571B1CF14D}"
EndProject
Project("{8BC9CEB8-8B4A-11D0-8D11-00A0C91BC942}") = "exercise 10", "exercise 10\exercise 10.vcxproj", "{AA3D67E3-7D4D-4456-B5DC-30CDB8AA8F15}"
EndProject
Project("{8BC9CEB8-8B4A-11D0-8D11-00A0C91BC942}") = "exercise 11", "exercise 11\exercise 11.vcxproj", "{F0FE370B-198E-4E03-B4E3-461520C79E05}"
EndProject
Project("{8BC9CEB8-8B4A-11D0-8D11-00A0C91BC942}") = "exercise 12", "exercise 12\exercise 12.vcxproj", "{8A0D2539-7EEA-45C7-AC4E-E90898773603}"
EndProject
Project("{8BC9CEB8-8B4A-11D0-8D11-00A0C91BC942}") = "exercise 13", "exercise 13\exercise 13.vcxproj", "{61A771D2-0355-47DA-8D08-7E2105B7E948}"
EndProject
Project("{8BC9CEB8-8B4A-11D0-8D11-00A0C91BC942}") = "exercise 14", "exercise 14\exercise 14.vcxproj", "{84194C4C-4050-4401-A924-AA300BBC9068}"
EndProject
Project("{8BC9CEB8-8B4A-11D0-8D11-00A0C91BC942}") = "exercise 15", "exercise 15\exercise 15.vcxproj", "{FBDA03F5-5D81-447E-B646-1BD33134F909}"
EndProject
Project("{8BC9CEB8-8B4A-11D0-8D11-00A0C91BC942}") = "exercise 16", "exercise 16\exercise 16.vcxproj", "{0A370772-9EFD-47DB-98E3-0B898E71BAE4}"
EndProject
Project("{8BC9CEB8-8B4A-11D0-8D11-00A0C91BC942}") = "exercise 17", "exercise 17\exercise 17.vcxproj", "{7E666907-F919-4992-B8EC-9D3AD78BF0FA}"
EndProject
Project("{8BC9CEB8-8B4A-11D0-8D11-00A0C91BC942}") = "exercise 18", "exercise 18\exercise 18.vcxproj", "{146F0F91-8A39-41F0-8C31-6EC5AF613608}"
EndProject
Project("{8BC9CEB8-8B4A-11D0-8D11-00A0C91BC942}") = "exercise 19", "exercise 19\exercise 19.vcxproj", "{1470E338-50F7-4B39-8CF5-21019D963824}"
EndProject
Project("{8BC9CEB8-8B4A-11D0-8D11-00A0C91BC942}") = "exercise 20", "exercise 20\exercise 20.vcxproj", "{A58FF422-FE8F-4466-A275-5CB7FCC9BA50}"
EndProject
Project("{8BC9CEB8-8B4A-11D0-8D11-00A0C91BC942}") = "exercise 21", "exercise 21\exercise 21.vcxproj", "{676AF096-335D-4A50-B14F-C4E212CFA67E}"
EndProject
Project("{8BC9CEB8-8B4A-11D0-8D11-00A0C91BC942}") = "exercise 22", "exercise 22\exercise 22.vcxproj", "{A28731CA-EF9E-49BB-B2D3-1DEC14F87D08}"
EndProject
Project("{8BC9CEB8-8B4A-11D0-8D11-00A0C91BC942}") = "exercise 23", "exercise 23\exercise 23.vcxproj", "{11A82711-A5BF-4813-8E21-B608CD3FAC6A}"
EndProject
Global
	GlobalSection(SolutionConfigurationPlatforms) = preSolution
		Debug|x64 = Debug|x64
		Debug|x86 = Debug|x86
		Release|x64 = Release|x64
		Release|x86 = Release|x86
	EndGlobalSection
	GlobalSection(ProjectConfigurationPlatforms) = postSolution
		{AFCB38EB-5199-4B92-B2FA-7785476FCDC0}.Debug|x64.ActiveCfg = Debug|x64
		{AFCB38EB-5199-4B92-B2FA-7785476FCDC0}.Debug|x64.Build.0 = Debug|x64
		{AFCB38EB-5199-4B92-B2FA-7785476FCDC0}.Debug|x86.ActiveCfg = Debug|Win32
		{AFCB38EB-5199-4B92-B2FA-7785476FCDC0}.Debug|x86.Build.0 = Debug|Win32
		{AFCB38EB-5199-4B92-B2FA-7785476FCDC0}.Release|x64.ActiveCfg = Release|x64
		{AFCB38EB-5199-4B92-B2FA-7785476FCDC0}.Release|x64.Build.0 = Release|x64
		{AFCB38EB-5199-4B92-B2FA-7785476FCDC0}.Release|x86.ActiveCfg = Release|Win32
		{AFCB38EB-5199-4B92-B2FA-7785476FCDC0}.Release|x86.Build.0 = Release|Win32
		{79843E1A-39AF-477A-BFF9-3FCEF44B160B}.Debug|x64.ActiveCfg = Debug|x64
		{79843E1A-39AF-477A-BFF9-3FCEF44B160B}.Debug|x64.Build.0 = Debug|x64
		{79843E1A-39AF-477A-BFF9-3FCEF44B160B}.Debug|x86.ActiveCfg = Debug|Win32
		{79843E1A-39AF-477A-BFF9-3FCEF44B160B}.Debug|x86.Build.0 = Debug|Win32
		{79843E1A-39AF-477A-BFF9-3FCEF44B160B}.Release|x64.ActiveCfg = Release|x64
		{79843E1A-39AF-477A-BFF9-3FCEF44B160B}.Release|x64.Build.0 = Release|x64
		{79843E1A-39AF-477A-BFF9-3FCEF44B160B}.Release|x86.ActiveCfg = Release|Win32
		{79843E1A-39AF-477A-BFF9-3FCEF44B160B}.Release|x86.Build.0 = Release|Win32
		{502B42E1-8361-41D5-AB39-FC11B661BE48}.Debug|x64.ActiveCfg = Debug|x64
		{502B42E1-8361-41D5-AB39-FC11B661BE48}.Debug|x64.Build.0 = Debug|x64
		{502B42E1-8361-41D5-AB39-FC11B661BE48}.Debug|x86.ActiveCfg = Debug|Win32
		{502B42E1-8361-41D5-AB39-FC11B661BE48}.Debug|x86.Build.0 = Debug|Win32
		{502B42E1-8361-41D5-AB39-FC11B661BE48}.Release|x64.ActiveCfg = Release|x64
		{502B42E1-8361-41D5-AB39-FC11B661BE48}.Release|x64.Build.0 = Release|x64
		{502B42E1-8361-41D5-AB39-FC11B661BE48}.Release|x86.ActiveCfg = Release|Win32
		{502B42E1-8361-41D5-AB39-FC11B661BE48}.Release|x86.Build.0 = Release|Win32
		{DB27DBA8-BFF2-4632-BCB9-564AF674A171}.Debug|x64.ActiveCfg = Debug|x64
		{DB27DBA8-BFF2-4632-BCB9-564AF674A171}.Debug|x64.Build.0 = Debug|x64
		{DB27DBA8-BFF2-4632-BCB9-564AF674A171}.Debug|x86.ActiveCfg = Debug|Win32
		{DB27DBA8-BFF2-4632-BCB9-564AF674A171}.Debug|x86.Build.0 = Debug|Win32
		{DB27DBA8-BFF2-4632-BCB9-564AF674A171}.Release|x64.ActiveCfg = Release|x64
		{DB27DBA8-BFF2-4632-BCB9-564AF674A171}.Release|x64.Build.0 = Release|x64
		{DB27DBA8-BFF2-4632-BCB9-564AF674A171}.Release|x86.ActiveCfg = Release|Win32
		{DB27DBA8-BFF2-4632-BCB9-564AF674A171}.Release|x86.Build.0 = Release|Win32
		{D839598C-DD3D-4FE5-B5E7-BC38606D92FF}.Debug|x64.ActiveCfg = Debug|x64
		{D839598C-DD3D-4FE5-B5E7-BC38606D92FF}.Debug|x64.Build.0 = Debug|x64
		{D839598C-DD3D-4FE5-B5E7-BC38606D92FF}.Debug|x86.ActiveCfg = Debug|Win32
		{D839598C-DD3D-4FE5-B5E7-BC38606D92FF}.Debug|x86.Build.0 = Debug|Win32
		{D839598C-DD3D-4FE5-B5E7-BC38606D92FF}.Release|x64.ActiveCfg = Release|x64
		{D839598C-DD3D-4FE5-B5E7-BC38606D92FF}.Release|x64.Build.0 = Release|x64
		{D839598C-DD3D-4FE5-B5E7-BC38606D92FF}.Release|x86.ActiveCfg = Release|Win32
		{D839598C-DD3D-4FE5-B5E7-BC38606D92FF}.Release|x86.Build.0 = Release|Win32
		{C18D2626-642D-4CD9-ABF2-1E9B87BEB78B}.Debug|x64.ActiveCfg = Debug|x64
		{C18D2626-642D-4CD9-ABF2-1E9B87BEB78B}.Debug|x64.Build.0 = Debug|x64
		{C18D2626-642D-4CD9-ABF2-1E9B87BEB78B}.Debug|x86.ActiveCfg = Debug|Win32
		{C18D2626-642D-4CD9-ABF2-1E9B87BEB78B}.Debug|x86.Build.0 = Debug|Win32
		{C18D2626-642D-4CD9-ABF2-1E9B87BEB78B}.Release|x64.ActiveCfg = Release|x64
		{C18D2626-642D-4CD9-ABF2-1E9B87BEB78B}.Release|x64.Build.0 = Release|x64
		{C18D2626-642D-4CD9-ABF2-1E9B87BEB78B}.Release|x86.ActiveCfg = Release|Win32
		{C18D2626-642D-4CD9-ABF2-1E9B87BEB78B}.Release|x86.Build.0 = Release|Win32
		{A5A409E1-E90A-4D13-8836-9BB693CEFC04}.Debug|x64.ActiveCfg = Debug|x64
		{A5A409E1-E90A-4D13-8836-9BB693CEFC04}.Debug|x64.Build.0 = Debug|x64
		{A5A409E1-E90A-4D13-8836-9BB693CEFC04}.Debug|x86.ActiveCfg = Debug|Win32
		{A5A409E1-E90A-4D13-8836-9BB693CEFC04}.Debug|x86.Build.0 = Debug|Win32
		{A5A409E1-E90A-4D13-8836-9BB693CEFC04}.Release|x64.ActiveCfg = Release|x64
		{A5A409E1-E90A-4D13-8836-9BB693CEFC04}.Release|x64.Build.0 = Release|x64
		{A5A409E1-E90A-4D13-8836-9BB693CEFC04}.Release|x86.ActiveCfg = Release|Win32
		{A5A409E1-E90A-4D13-8836-9BB693CEFC04}.Release|x86.Build.0 = Release|Win32
		{C4C7B49D-69A4-43C0-A29F-452BD6DA9D88}.Debug|x64.ActiveCfg = Debug|x64
		{C4C7B49D-69A4-43C0-A29F-452BD6DA9D88}.Debug|x64.Build.0 = Debug|x64
		{C4C7B49D-69A4-43C0-A29F-452BD6DA9D88}.Debug|x86.ActiveCfg = Debug|Win32
		{C4C7B49D-69A4-43C0-A29F-452BD6DA9D88}.Debug|x86.Build.0 = Debug|Win32
		{C4C7B49D-69A4-43C0-A29F-452BD6DA9D88}.Release|x64.ActiveCfg = Release|x64
		{C4C7B49D-69A4-43C0-A29F-452BD6DA9D88}.Release|x64.Build.0 = Release|x64
		{C4C7B49D-69A4-43C0-A29F-452BD6DA9D88}.Release|x86.ActiveCfg = Release|Win32
		{C4C7B49D-69A4-43C0-A29F-452BD6DA9D88}.Release|x86.Build.0 = Release|Win32
		{CDB361F8-5149-4923-859E-EE571B1CF14D}.Debug|x64.ActiveCfg = Debug|x64
		{CDB361F8-5149-4923-859E-EE571B1CF14D}.Debug|x64.Build.0 = Debug|x64
		{CDB361F8-5149-4923-859E-EE571B1CF14D}.Debug|x86.ActiveCfg = Debug|Win32
		{CDB361F8-5149-4923-859E-EE571B1CF14D}.Debug|x86.Build.0 = Debug|Win32
		{CDB361F8-5149-4923-859E-EE571B1CF14D}.Release|x64.ActiveCfg = Release|x64
		{CDB361F8-5149-4923-859E-EE571B1CF14D}.Release|x64.Build.0 = Release|x64
		{CDB361F8-5149-4923-859E-EE571B1CF14D}.Release|x86.ActiveCfg = Release|Win32
		{CDB361F8-5149-4923-859E-EE571B1CF14D}.Release|x86.Build.0 = Release|Win32
		{AA3D67E3-7D4D-4456-B5DC-30CDB8AA8F15}.Debug|x64.ActiveCfg = Debug|x64
		{AA3D67E3-7D4D-4456-B5DC-30CDB8AA8F15}.Debug|x64.Build.0 = Debug|x64
		{AA3D67E3-7D4D-4456-B5DC-30CDB8AA8F15}.Debug|x86.ActiveCfg = Debug|Win32
		{AA3D67E3-7D4D-4456-B5DC-30CDB8AA8F15}.Debug|x86.Build.0 = Debug|Win32
		{AA3D67E3-7D4D-4456-B5DC-30CDB8AA8F15}.Release|x64.ActiveCfg = Release|x64
		{AA3D67E3-7D4D-4456-B5DC-30CDB8AA8F15}.Release|x64.Build.0 = Release|x64
		{AA3D67E3-7D4D-4456-B5DC-30CDB8AA8F15}.Release|x86.ActiveCfg = Release|Win32
		{AA3D67E3-7D4D-4456-B5DC-30CDB8AA8F15}.Release|x86.Build.0 = Release|Win32
		{F0FE370B-198E-4E03-B4E3-461520C79E05}.Debug|x64.ActiveCfg = Debug|x64
		{F0FE370B-198E-4E03-B4E3-461520C79E05}.Debug|x64.Build.0 = Debug|x64
		{F0FE370B-198E-4E03-B4E3-461520C79E05}.Debug|x86.ActiveCfg = Debug|Win32
		{F0FE370B-198E-4E03-B4E3-461520C79E05}.Debug|x86.Build.0 = Debug|Win32
		{F0FE370B-198E-4E03-B4E3-461520C79E05}.Release|x64.ActiveCfg = Release|x64
		{F0FE370B-198E-4E03-B4E3-461520C79E05}.Release|x64.Build.0 = Release|x64
		{F0FE370B-198E-4E03-B4E3-461520C79E05}.Release|x86.ActiveCfg = Release|Win32
		{F0FE370B-198E-4E03-B4E3-461520C79E05}.Release|x86.Build.0 = Release|Win32
		{8A0D2539-7EEA-45C7-AC4E-E90898773603}.Debug|x64.ActiveCfg = Debug|x64
		{8A0D2539-7EEA-45C7-AC4E-E90898773603}.Debug|x64.Build.0 = Debug|x64
		{8A0D2539-7EEA-45C7-AC4E-E90898773603}.Debug|x86.ActiveCfg = Debug|Win32
		{8A0D2539-7EEA-45C7-AC4E-E90898773603}.Debug|x86.Build.0 = Debug|Win32
		{8A0D2539-7EEA-45C7-AC4E-E90898773603}.Release|x64.ActiveCfg = Release|x64
		{8A0D2539-7EEA-45C7-AC4E-E90898773603}.Release|x64.Build.0 = Release|x64
		{8A0D2539-7EEA-45C7-AC4E-E90898773603}.Release|x86.ActiveCfg = Release|Win32
		{8A0D2539-7EEA-45C7-AC4E-E90898773603}.Release|x86.Build.0 = Release|Win32
		{61A771D2-0355-47DA-8D08-7E2105B7E948}.Debug|x64.ActiveCfg = Debug|x64
		{61A771D2-0355-47DA-8D08-7E2105B7E948}.Debug|x64.Build.0 = Debug|x64
		{61A771D2-0355-47DA-8D08-7E2105B7E948}.Debug|x86.ActiveCfg = Debug|Win32
		{61A771D2-0355-47DA-8D08-7E2105B7E948}.Debug|x86.Build.0 = Debug|Win32
		{61A771D2-0355-47DA-8D08-7E2105B7E948}.Release|x64.ActiveCfg = Release|x64
		{61A771D2-0355-47DA-8D08-7E2105B7E948}.Release|x64.Build.0 = Release|x64
		{61A771D2-0355-47DA-8D08-7E2105B7E948}.Release|x86.ActiveCfg = Release|Win32
		{61A771D2-0355-47DA-8D08-7E2105B7E948}.Release|x86.Build.0 = Release|Win32
		{84194C4C-4050-4401-A924-AA300BBC9068}.Debug|x64.ActiveCfg = Debug|x64
		{84194C4C-4050-4401-A924-AA300BBC9068}.Debug|x64.Build.0 = Debug|x64
		{84194C4C-4050-4401-A924-AA300BBC9068}.Debug|x86.ActiveCfg = Debug|Win32
		{84194C4C-4050-4401-A924-AA300BBC9068}.Debug|x86.Build.0 = Debug|Win32
		{84194C4C-4050-4401-A924-AA300BBC9068}.Release|x64.ActiveCfg = Release|x64
		{84194C4C-4050-4401-A924-AA300BBC9068}.Release|x64.Build.0 = Release|x64
		{84194C4C-4050-4401-A924-AA300BBC9068}.Release|x86.ActiveCfg = Release|Win32
		{84194C4C-4050-4401-A924-AA300BBC9068}.Release|x86.Build.0 = Release|Win32
		{FBDA03F5-5D81-447E-B646-1BD33134F909}.Debug|x64.ActiveCfg = Debug|x64
		{FBDA03F5-5D81-447E-B646-1BD33134F909}.Debug|x64.Build.0 = Debug|x64
		{FBDA03F5-5D81-447E-B646-1BD33134F909}.Debug|x86.ActiveCfg = Debug|Win32
		{FBDA03F5-5D81-447E-B646-1BD33134F909}.Debug|x86.Build.0 = Debug|Win32
		{FBDA03F5-5D81-447E-B646-1BD33134F909}.Release|x64.ActiveCfg = Release|x64
		{FBDA03F5-5D81-447E-B646-1BD33134F909}.Release|x64.Build.0 = Release|x64
		{FBDA03F5-5D81-447E-B646-1BD33134F909}.Release|x86.ActiveCfg = Release|Win32
		{FBDA03F5-5D81-447E-B646-1BD33134F909}.Release|x86.Build.0 = Release|Win32
		{0A370772-9EFD-47DB-98E3-0B898E71BAE4}.Debug|x64.ActiveCfg = Debug|x64
		{0A370772-9EFD-47DB-98E3-0B898E71BAE4}.Debug|x64.Build.0 = Debug|x64
		{0A370772-9EFD-47DB-98E3-0B898E71BAE4}.Debug|x86.ActiveCfg = Debug|Win32
		{0A370772-9EFD-47DB-98E3-0B898E71BAE4}.Debug|x86.Build.0 = Debug|Win32
		{0A370772-9EFD-47DB-98E3-0B898E71BAE4}.Release|x64.ActiveCfg = Release|x64
		{0A370772-9EFD-47DB-98E3-0B898E71BAE4}.Release|x64.Build.0 = Release|x64
		{0A370772-9EFD-47DB-98E3-0B898E71BAE4}.Release|x86.ActiveCfg = Release|Win32
		{0A370772-9EFD-47DB-98E3-0B898E71BAE4}.Release|x86.Build.0 = Release|Win32
		{7E666907-F919-4992-B8EC-9D3AD78BF0FA}.Debug|x64.ActiveCfg = Debug|x64
		{7E666907-F919-4992-B8EC-9D3AD78BF0FA}.Debug|x64.Build.0 = Debug|x64
		{7E666907-F919-4992-B8EC-9D3AD78BF0FA}.Debug|x86.ActiveCfg = Debug|Win32
		{7E666907-F919-4992-B8EC-9D3AD78BF0FA}.Debug|x86.Build.0 = Debug|Win32
		{7E666907-F919-4992-B8EC-9D3AD78BF0FA}.Release|x64.ActiveCfg = Release|x64
		{7E666907-F919-4992-B8EC-9D3AD78BF0FA}.Release|x64.Build.0 = Release|x64
		{7E666907-F919-4992-B8EC-9D3AD78BF0FA}.Release|x86.ActiveCfg = Release|Win32
		{7E666907-F919-4992-B8EC-9D3AD78BF0FA}.Release|x86.Build.0 = Release|Win32
		{146F0F91-8A39-41F0-8C31-6EC5AF613608}.Debug|x64.ActiveCfg = Debug|x64
		{146F0F91-8A39-41F0-8C31-6EC5AF613608}.Debug|x64.Build.0 = Debug|x64
		{146F0F91-8A39-41F0-8C31-6EC5AF613608}.Debug|x86.ActiveCfg = Debug|Win32
		{146F0F91-8A39-41F0-8C31-6EC5AF613608}.Debug|x86.Build.0 = Debug|Win32
		{146F0F91-8A39-41F0-8C31-6EC5AF613608}.Release|x64.ActiveCfg = Release|x64
		{146F0F91-8A39-41F0-8C31-6EC5AF613608}.Release|x64.Build.0 = Release|x64
		{146F0F91-8A39-41F0-8C31-6EC5AF613608}.Release|x86.ActiveCfg = Release|Win32
		{146F0F91-8A39-41F0-8C31-6EC5AF613608}.Release|x86.Build.0 = Release|Win32
		{1470E338-50F7-4B39-8CF5-21019D963824}.Debug|x64.ActiveCfg = Debug|x64
		{1470E338-50F7-4B39-8CF5-21019D963824}.Debug|x64.Build.0 = Debug|x64
		{1470E338-50F7-4B39-8CF5-21019D963824}.Debug|x86.ActiveCfg = Debug|Win32
		{1470E338-50F7-4B39-8CF5-21019D963824}.Debug|x86.Build.0 = Debug|Win32
		{1470E338-50F7-4B39-8CF5-21019D963824}.Release|x64.ActiveCfg = Release|x64
		{1470E338-50F7-4B39-8CF5-21019D963824}.Release|x64.Build.0 = Release|x64
		{1470E338-50F7-4B39-8CF5-21019D963824}.Release|x86.ActiveCfg = Release|Win32
		{1470E338-50F7-4B39-8CF5-21019D963824}.Release|x86.Build.0 = Release|Win32
		{A58FF422-FE8F-4466-A275-5CB7FCC9BA50}.Debug|x64.ActiveCfg = Debug|x64
		{A58FF422-FE8F-4466-A275-5CB7FCC9BA50}.Debug|x64.Build.0 = Debug|x64
		{A58FF422-FE8F-4466-A275-5CB7FCC9BA50}.Debug|x86.ActiveCfg = Debug|Win32
		{A58FF422-FE8F-4466-A275-5CB7FCC9BA50}.Debug|x86.Build.0 = Debug|Win32
		{A58FF422-FE8F-4466-A275-5CB7FCC9BA50}.Release|x64.ActiveCfg = Release|x64
		{A58FF422-FE8F-4466-A275-5CB7FCC9BA50}.Release|x64.Build.0 = Release|x64
		{A58FF422-FE8F-4466-A275-5CB7FCC9BA50}.Release|x86.ActiveCfg = Release|Win32
		{A58FF422-FE8F-4466-A275-5CB7FCC9BA50}.Release|x86.Build.0 = Release|Win32
		{676AF096-335D-4A50-B14F-C4E212CFA67E}.Debug|x64.ActiveCfg = Debug|x64
		{676AF096-335D-4A50-B14F-C4E212CFA67E}.Debug|x64.Build.0 = Debug|x64
		{676AF096-335D-4A50-B14F-C4E212CFA67E}.Debug|x86.ActiveCfg = Debug|Win32
		{676AF096-335D-4A50-B14F-C4E212CFA67E}.Debug|x86.Build.0 = Debug|Win32
		{676AF096-335D-4A50-B14F-C4E212CFA67E}.Release|x64.ActiveCfg = Release|x64
		{676AF096-335D-4A50-B14F-C4E212CFA67E}.Release|x64.Build.0 = Release|x64
		{676AF096-335D-4A50-B14F-C4E212CFA67E}.Release|x86.ActiveCfg = Release|Win32
		{676AF096-335D-4A50-B14F-C4E212CFA67E}.Release|x86.Build.0 = Release|Win32
		{A28731CA-EF9E-49BB-B2D3-1DEC14F87D08}.Debug|x64.ActiveCfg = Debug|x64
		{A28731CA-EF9E-49BB-B2D3-1DEC14F87D08}.Debug|x64.Build.0 = Debug|x64
		{A28731CA-EF9E-49BB-B2D3-1DEC14F87D08}.Debug|x86.ActiveCfg = Debug|Win32
		{A28731CA-EF9E-49BB-B2D3-1DEC14F87D08}.Debug|x86.Build.0 = Debug|Win32
		{A28731CA-EF9E-49BB-B2D3-1DEC14F87D08}.Release|x64.ActiveCfg = Release|x64
		{A28731CA-EF9E-49BB-B2D3-1DEC14F87D08}.Release|x64.Build.0 = Release|x64
		{A28731CA-EF9E-49BB-B2D3-1DEC14F87D08}.Release|x86.ActiveCfg = Release|Win32
		{A28731CA-EF9E-49BB-B2D3-1DEC14F87D08}.Release|x86.Build.0 = Release|Win32
		{11A82711-A5BF-4813-8E21-B608CD3FAC6A}.Debug|x64.ActiveCfg = Debug|x64
		{11A82711-A5BF-4813-8E21-B608CD3FAC6A}.Debug|x64.Build.0 = Debug|x64
		{11A82711-A5BF-4813-8E21-B608CD3FAC6A}.Debug|x86.ActiveCfg = Debug|Win32
		{11A82711-A5BF-4813-8E21-B608CD3FAC6A}.Debug|x86.Build.0 = Debug|Win32
		{11A82711-A5BF-4813-8E21-B608CD3FAC6A}.Release|x64.ActiveCfg = Release|x64
		{11A82711-A5BF-4813-8E21-B608CD3FAC6A}.Release|x64.Build.0 = Release|x64
		{11A82711-A5BF-4813-8E21-B608CD3FAC6A}.Release|x86.ActiveCfg = Release|Win32
		{11A82711-A5BF-4813-8E21-B608CD3FAC6A}.Release|x86.Build.0 = Release|Win32
	EndGlobalSection
	GlobalSection(SolutionProperties) = preSolution
		HideSolutionNode = FALSE
	EndGlobalSection
	GlobalSection(ExtensibilityGlobals) = postSolution
		SolutionGuid = {67C5DE47-F841-40AD-8CC6-36B9BB8B0FB8}
	EndGlobalSection
EndGlobal
